{
  "name": "lab_task_3",
  "version": "1.0.0",
  "lockfileVersion": 3,
  "requires": true,
  "packages": {
    "": {
      "name": "lab_task_3",
      "version": "1.0.0",
      "license": "ISC",
      "dependencies": {
        "express-ejs-layouts": "^2.5.1",
        "express-layouts": "^1.0.0"
      }
    },
    "node_modules/express-ejs-layouts": {
      "version": "2.5.1",
      "resolved": "https://registry.npmjs.org/express-ejs-layouts/-/express-ejs-layouts-2.5.1.tgz",
      "integrity": "sha512-IXROv9n3xKga7FowT06n1Qn927JR8ZWDn5Dc9CJQoiiaaDqbhW5PDmWShzbpAa2wjWT1vJqaIM1S6vJwwX11gA=="
    },
    "node_modules/express-layouts": {
      "version": "1.0.0",
      "resolved": "https://registry.npmjs.org/express-layouts/-/express-layouts-1.0.0.tgz",
      "integrity": "sha512-tWcdp6bLzWah2XzQ1D/izQoWDwQ1LIBq0dbtVxcrD0m+9tVJ1u4MWktThSu5Ajy5IebtPU3kroHTVbd77VJugA==",
      "license": "ISC"
    }
  }
}
